
Microsoft Visual Studio Solution File, Format Version 12.00
# Visual Studio Version 17
VisualStudioVersion = 17.5.002.0
MinimumVisualStudioVersion = 10.0.40219.1
Project("{9A19103F-16F7-4668-BE54-9A1E7A4F7556}") = "WebApp", "WebApp\WebApp.csproj", "{D82C36A2-E91A-4B16-84C7-B00D859D5855}"
EndProject
Project("{FAE04EC0-301F-11D3-BF4B-00C04F79EFBC}") = "Domain", "Domain\Domain.csproj", "{D31E339F-E33A-4AD0-9834-F2D3BFCCF1FB}"
EndProject
Project("{FAE04EC0-301F-11D3-BF4B-00C04F79EFBC}") = "Infrastructore", "Infrastructore\Infrastructore.csproj", "{B33BBB95-FFA5-45FF-A11F-25195488D005}"
EndProject
Global
	GlobalSection(SolutionConfigurationPlatforms) = preSolution
		Debug|Any CPU = Debug|Any CPU
		Release|Any CPU = Release|Any CPU
	EndGlobalSection
	GlobalSection(ProjectConfigurationPlatforms) = postSolution
		{D82C36A2-E91A-4B16-84C7-B00D859D5855}.Debug|Any CPU.ActiveCfg = Debug|Any CPU
		{D82C36A2-E91A-4B16-84C7-B00D859D5855}.Debug|Any CPU.Build.0 = Debug|Any CPU
		{D82C36A2-E91A-4B16-84C7-B00D859D5855}.Release|Any CPU.ActiveCfg = Release|Any CPU
		{D82C36A2-E91A-4B16-84C7-B00D859D5855}.Release|Any CPU.Build.0 = Release|Any CPU
		{D31E339F-E33A-4AD0-9834-F2D3BFCCF1FB}.Debug|Any CPU.ActiveCfg = Debug|Any CPU
		{D31E339F-E33A-4AD0-9834-F2D3BFCCF1FB}.Debug|Any CPU.Build.0 = Debug|Any CPU
		{D31E339F-E33A-4AD0-9834-F2D3BFCCF1FB}.Release|Any CPU.ActiveCfg = Release|Any CPU
		{D31E339F-E33A-4AD0-9834-F2D3BFCCF1FB}.Release|Any CPU.Build.0 = Release|Any CPU
		{B33BBB95-FFA5-45FF-A11F-25195488D005}.Debug|Any CPU.ActiveCfg = Debug|Any CPU
		{B33BBB95-FFA5-45FF-A11F-25195488D005}.Debug|Any CPU.Build.0 = Debug|Any CPU
		{B33BBB95-FFA5-45FF-A11F-25195488D005}.Release|Any CPU.ActiveCfg = Release|Any CPU
		{B33BBB95-FFA5-45FF-A11F-25195488D005}.Release|Any CPU.Build.0 = Release|Any CPU
	EndGlobalSection
	GlobalSection(SolutionProperties) = preSolution
		HideSolutionNode = FALSE
	EndGlobalSection
	GlobalSection(ExtensibilityGlobals) = postSolution
		SolutionGuid = {7ED87888-65C6-4723-9B6A-80B2CFBDC285}
	EndGlobalSection
EndGlobal
